
Microsoft Visual Studio Solution File, Format Version 12.00
# Visual Studio Version 17
VisualStudioVersion = 17.5.33530.505
MinimumVisualStudioVersion = 10.0.40219.1
Project("{FAE04EC0-301F-11D3-BF4B-00C04F79EFBC}") = "WorldPopulationStatistics", "WorldPopulationStatistics.csproj", "{0919191A-6403-4464-8DA3-FB2709981670}"
EndProject
Global
	GlobalSection(SolutionConfigurationPlatforms) = preSolution
		Debug|Any CPU = Debug|Any CPU
		Release|Any CPU = Release|Any CPU
	EndGlobalSection
	GlobalSection(ProjectConfigurationPlatforms) = postSolution
		{0919191A-6403-4464-8DA3-FB2709981670}.Debug|Any CPU.ActiveCfg = Debug|Any CPU
		{0919191A-6403-4464-8DA3-FB2709981670}.Debug|Any CPU.Build.0 = Debug|Any CPU
		{0919191A-6403-4464-8DA3-FB2709981670}.Release|Any CPU.ActiveCfg = Release|Any CPU
		{0919191A-6403-4464-8DA3-FB2709981670}.Release|Any CPU.Build.0 = Release|Any CPU
	EndGlobalSection
	GlobalSection(SolutionProperties) = preSolution
		HideSolutionNode = FALSE
	EndGlobalSection
	GlobalSection(ExtensibilityGlobals) = postSolution
		SolutionGuid = {22FBD6F6-18FC-4071-B483-6A95855F823E}
	EndGlobalSection
EndGlobal
